
Microsoft Visual Studio Solution File, Format Version 12.00
# Visual Studio Version 17
VisualStudioVersion = 17.5.002.0
MinimumVisualStudioVersion = 10.0.40219.1
Project("{9A19103F-16F7-4668-BE54-9A1E7A4F7556}") = "Parallax", "Parallax\Parallax.csproj", "{E8AE8E93-CCE3-47EA-956A-880C7F82F086}"
EndProject
Global
	GlobalSection(SolutionConfigurationPlatforms) = preSolution
		Debug|Any CPU = Debug|Any CPU
		Release|Any CPU = Release|Any CPU
	EndGlobalSection
	GlobalSection(ProjectConfigurationPlatforms) = postSolution
		{E8AE8E93-CCE3-47EA-956A-880C7F82F086}.Debug|Any CPU.ActiveCfg = Debug|Any CPU
		{E8AE8E93-CCE3-47EA-956A-880C7F82F086}.Debug|Any CPU.Build.0 = Debug|Any CPU
		{E8AE8E93-CCE3-47EA-956A-880C7F82F086}.Release|Any CPU.ActiveCfg = Release|Any CPU
		{E8AE8E93-CCE3-47EA-956A-880C7F82F086}.Release|Any CPU.Build.0 = Release|Any CPU
	EndGlobalSection
	GlobalSection(SolutionProperties) = preSolution
		HideSolutionNode = FALSE
	EndGlobalSection
	GlobalSection(ExtensibilityGlobals) = postSolution
		SolutionGuid = {D281B8B5-E530-4C72-8537-25122F8E89B0}
	EndGlobalSection
EndGlobal
